hash: 56dc4b2922466bf4ba4bf2c816be45f509da24827cb413d5665feb25bd86d3ce
updated: 2018-09-20T16:05:57.622947-07:00
imports:
- name: github.com/blang/semver
  version: 2ee87856327ba09384cabd113bc6b5d174e9ec0f
- name: github.com/davecgh/go-spew
  version: 8991bc29aa16c548c550c7ff78260e27b9ab7c73
  subpackages:
  - spew
- name: github.com/influxdata/influxdb
  version: 389de31c961831de0a9f4172173337d4a6193909
  subpackages:
  - client/v2
  - models
  - pkg/escape
- name: github.com/mrichman/hargo
  version: 79c306bb2a43e1fe61ad38bb07ba86787b8892e6
- name: github.com/Sirupsen/logrus
  version: 3e01752db0189b9157070a0e1668a620f9a85da2
- name: golang.org/x/crypto
  version: 0e37d006457bf46f9e6692014ba72ef82c33022c
  subpackages:
  - ssh/terminal
- name: golang.org/x/net
  version: 92b859f39abd2d91a854c9f9c4621b2f5054a92d
  subpackages:
  - http/httpguts
  - idna
- name: golang.org/x/sys
  version: d8e400bc7db4870d786864138af681469693d18c
  subpackages:
  - unix
  - windows
- name: golang.org/x/text
  version: f21a4dfb5e38f5895301dc265a8def02365cc3d0
  subpackages:
  - secure/bidirule
  - transform
  - unicode/bidi
  - unicode/norm
- name: gopkg.in/urfave/cli.v1
  version: cfb38830724cc34fedffe9a2a29fb54fa9169cd1
testImports: []
